
Microsoft Visual Studio Solution File, Format Version 12.00
# Visual Studio Version 16
VisualStudioVersion = 16.0.33529.622
MinimumVisualStudioVersion = 10.0.40219.1
Project("{FAE04EC0-301F-11D3-BF4B-00C04F79EFBC}") = "PNT1_Grupo6", "PNT1_Grupo6.csproj", "{8000312B-FA4C-4721-8BB8-DFE50554032B}"
EndProject
Global
	GlobalSection(SolutionConfigurationPlatforms) = preSolution
		Debug|Any CPU = Debug|Any CPU
		Release|Any CPU = Release|Any CPU
	EndGlobalSection
	GlobalSection(ProjectConfigurationPlatforms) = postSolution
		{8000312B-FA4C-4721-8BB8-DFE50554032B}.Debug|Any CPU.ActiveCfg = Debug|Any CPU
		{8000312B-FA4C-4721-8BB8-DFE50554032B}.Debug|Any CPU.Build.0 = Debug|Any CPU
		{8000312B-FA4C-4721-8BB8-DFE50554032B}.Release|Any CPU.ActiveCfg = Release|Any CPU
		{8000312B-FA4C-4721-8BB8-DFE50554032B}.Release|Any CPU.Build.0 = Release|Any CPU
	EndGlobalSection
	GlobalSection(SolutionProperties) = preSolution
		HideSolutionNode = FALSE
	EndGlobalSection
	GlobalSection(ExtensibilityGlobals) = postSolution
		SolutionGuid = {F28CAC05-1123-4D22-85B7-C5A1C1D6FC22}
	EndGlobalSection
EndGlobal
